// !$*UTF8*$!
{
	archiveVersion = 1;
	classes = {
	};
	objectVersion = 50;
	objects = {

/* Begin PBXBuildFile section */
		66131A8C219A89F500E68616 /* AppDelegate.swift in Sources */ = {isa = PBXBuildFile; fileRef = 66131A8B219A89F500E68616 /* AppDelegate.swift */; };
		66131A8E219A89F500E68616 /* ViewController.swift in Sources */ = {isa = PBXBuildFile; fileRef = 66131A8D219A89F500E68616 /* ViewController.swift */; };
		66131A91219A89F500E68616 /* Main.storyboard in Resources */ = {isa = PBXBuildFile; fileRef = 66131A8F219A89F500E68616 /* Main.storyboard */; };
		66131A94219A89F500E68616 /* CustomUIViewSample.xcdatamodeld in Sources */ = {isa = PBXBuildFile; fileRef = 66131A92219A89F500E68616 /* CustomUIViewSample.xcdatamodeld */; };
		66131A96219A89F700E68616 /* Assets.xcassets in Resources */ = {isa = PBXBuildFile; fileRef = 66131A95219A89F700E68616 /* Assets.xcassets */; };
		66131A99219A89F700E68616 /* LaunchScreen.storyboard in Resources */ = {isa = PBXBuildFile; fileRef = 66131A97219A89F700E68616 /* LaunchScreen.storyboard */; };
		66131AA1219A8A4E00E68616 /* CustomView.swift in Sources */ = {isa = PBXBuildFile; fileRef = 66131AA0219A8A4E00E68616 /* CustomView.swift */; };
		66131AA5219C261B00E68616 /* CustomView.xib in Resources */ = {isa = PBXBuildFile; fileRef = 66131AA4219C261B00E68616 /* CustomView.xib */; };
/* End PBXBuildFile section */

/* Begin PBXFileReference section */
		66131A88219A89F500E68616 /* CustomUIViewSample.app */ = {isa = PBXFileReference; explicitFileType = wrapper.application; includeInIndex = 0; path = CustomUIViewSample.app; sourceTree = BUILT_PRODUCTS_DIR; };
		66131A8B219A89F500E68616 /* AppDelegate.swift */ = {isa = PBXFileReference; lastKnownFileType = sourcecode.swift; path = AppDelegate.swift; sourceTree = "<group>"; };
		66131A8D219A89F500E68616 /* ViewController.swift */ = {isa = PBXFileReference; lastKnownFileType = sourcecode.swift; path = ViewController.swift; sourceTree = "<group>"; };
		66131A90219A89F500E68616 /* Base */ = {isa = PBXFileReference; lastKnownFileType = file.storyboard; name = Base; path = Base.lproj/Main.storyboard; sourceTree = "<group>"; };
		66131A93219A89F500E68616 /* CustomUIViewSample.xcdatamodel */ = {isa = PBXFileReference; lastKnownFileType = wrapper.xcdatamodel; path = CustomUIViewSample.xcdatamodel; sourceTree = "<group>"; };
		66131A95219A89F700E68616 /* Assets.xcassets */ = {isa = PBXFileReference; lastKnownFileType = folder.assetcatalog; path = Assets.xcassets; sourceTree = "<group>"; };
		66131A98219A89F700E68616 /* Base */ = {isa = PBXFileReference; lastKnownFileType = file.storyboard; name = Base; path = Base.lproj/LaunchScreen.storyboard; sourceTree = "<group>"; };
		66131A9A219A89F700E68616 /* Info.plist */ = {isa = PBXFileReference; lastKnownFileType = text.plist.xml; path = Info.plist; sourceTree = "<group>"; };
		66131AA0219A8A4E00E68616 /* CustomView.swift */ = {isa = PBXFileReference; lastKnownFileType = sourcecode.swift; path = CustomView.swift; sourceTree = "<group>"; };
		66131AA4219C261B00E68616 /* CustomView.xib */ = {isa = PBXFileReference; lastKnownFileType = file.xib; path = CustomView.xib; sourceTree = "<group>"; };
/* End PBXFileReference section */

/* Begin PBXFrameworksBuildPhase section */
		66131A85219A89F500E68616 /* Frameworks */ = {
			isa = PBXFrameworksBuildPhase;
			buildActionMask = 2147483647;
			files = (
			);
			runOnlyForDeploymentPostprocessing = 0;
		};
/* End PBXFrameworksBuildPhase section */

/* Begin PBXGroup section */
		66131A7F219A89F500E68616 = {
			isa = PBXGroup;
			children = (
				66131A8A219A89F500E68616 /* CustomUIViewSample */,
				66131A89219A89F500E68616 /* Products */,
			);
			sourceTree = "<group>";
		};
		66131A89219A89F500E68616 /* Products */ = {
			isa = PBXGroup;
			children = (
				66131A88219A89F500E68616 /* CustomUIViewSample.app */,
			);
			name = Products;
			sourceTree = "<group>";
		};
		66131A8A219A89F500E68616 /* CustomUIViewSample */ = {
			isa = PBXGroup;
			children = (
				66131A8B219A89F500E68616 /* AppDelegate.swift */,
				66131A8D219A89F500E68616 /* ViewController.swift */,
				66131AA0219A8A4E00E68616 /* CustomView.swift */,
				66131AA4219C261B00E68616 /* CustomView.xib */,
				66131A8F219A89F500E68616 /* Main.storyboard */,
				66131A95219A89F700E68616 /* Assets.xcassets */,
				66131A97219A89F700E68616 /* LaunchScreen.storyboard */,
				66131A9A219A89F700E68616 /* Info.plist */,
				66131A92219A89F500E68616 /* CustomUIViewSample.xcdatamodeld */,
			);
			path = CustomUIViewSample;
			sourceTree = "<group>";
		};
/* End PBXGroup section */

/* Begin PBXNativeTarget section */
		66131A87219A89F500E68616 /* CustomUIViewSample */ = {
			isa = PBXNativeTarget;
			buildConfigurationList = 66131A9D219A89F700E68616 /* Build configuration list for PBXNativeTarget "CustomUIViewSample" */;
			buildPhases = (
				66131A84219A89F500E68616 /* Sources */,
				66131A85219A89F500E68616 /* Frameworks */,
				66131A86219A89F500E68616 /* Resources */,
			);
			buildRules = (
			);
			dependencies = (
			);
			name = CustomUIViewSample;
			productName = CustomUIViewSample;
			productReference = 66131A88219A89F500E68616 /* CustomUIViewSample.app */;
			productType = "com.apple.product-type.application";
		};
/* End PBXNativeTarget section */

/* Begin PBXProject section */
		66131A80219A89F500E68616 /* Project object */ = {
			isa = PBXProject;
			attributes = {
				LastSwiftUpdateCheck = 1010;
				LastUpgradeCheck = 1010;
				ORGANIZATIONNAME = TakumiObayashi;
				TargetAttributes = {
					66131A87219A89F500E68616 = {
						CreatedOnToolsVersion = 10.1;
					};
				};
			};
			buildConfigurationList = 66131A83219A89F500E68616 /* Build configuration list for PBXProject "CustomUIViewSample" */;
			compatibilityVersion = "Xcode 9.3";
			developmentRegion = en;
			hasScannedForEncodings = 0;
			knownRegions = (
				en,
				Base,
			);
			mainGroup = 66131A7F219A89F500E68616;
			productRefGroup = 66131A89219A89F500E68616 /* Products */;
			projectDirPath = "";
			projectRoot = "";
			targets = (
				66131A87219A89F500E68616 /* CustomUIViewSample */,
			);
		};
/* End PBXProject section */

/* Begin PBXResourcesBuildPhase section */
		66131A86219A89F500E68616 /* Resources */ = {
			isa = PBXResourcesBuildPhase;
			buildActionMask = 2147483647;
			files = (
				66131A99219A89F700E68616 /* LaunchScreen.storyboard in Resources */,
				66131AA5219C261B00E68616 /* CustomView.xib in Resources */,
				66131A96219A89F700E68616 /* Assets.xcassets in Resources */,
				66131A91219A89F500E68616 /* Main.storyboard in Resources */,
			);
			runOnlyForDeploymentPostprocessing = 0;
		};
/* End PBXResourcesBuildPhase section */

/* Begin PBXSourcesBuildPhase section */
		66131A84219A89F500E68616 /* Sources */ = {
			isa = PBXSourcesBuildPhase;
			buildActionMask = 2147483647;
			files = (
				66131A8E219A89F500E68616 /* ViewController.swift in Sources */,
				66131AA1219A8A4E00E68616 /* CustomView.swift in Sources */,
				66131A8C219A89F500E68616 /* AppDelegate.swift in Sources */,
				66131A94219A89F500E68616 /* CustomUIViewSample.xcdatamodeld in Sources */,
			);
			runOnlyForDeploymentPostprocessing = 0;
		};
/* End PBXSourcesBuildPhase section */

/* Begin PBXVariantGroup section */
		66131A8F219A89F500E68616 /* Main.storyboard */ = {
			isa = PBXVariantGroup;
			children = (
				66131A90219A89F500E68616 /* Base */,
			);
			name = Main.storyboard;
			sourceTree = "<group>";
		};
		66131A97219A89F700E68616 /* LaunchScreen.storyboard */ = {
			isa = PBXVariantGroup;
			children = (
				66131A98219A89F700E68616 /* Base */,
			);
			name = LaunchScreen.storyboard;
			sourceTree = "<group>";
		};
/* End PBXVariantGroup section */

/* Begin XCBuildConfiguration section */
		66131A9B219A89F700E68616 /* Debug */ = {
			isa = XCBuildConfiguration;
			buildSettings = {
				ALWAYS_SEARCH_USER_PATHS = NO;
				CLANG_ANALYZER_NONNULL = YES;
				CLANG_ANALYZER_NUMBER_OBJECT_CONVERSION = YES_AGGRESSIVE;
				CLANG_CXX_LANGUAGE_STANDARD = "gnu++14";
				CLANG_CXX_LIBRARY = "libc++";
				CLANG_ENABLE_MODULES = YES;
				CLANG_ENABLE_OBJC_ARC = YES;
				CLANG_ENABLE_OBJC_WEAK = YES;
				CLANG_WARN_BLOCK_CAPTURE_AUTORELEASING = YES;
				CLANG_WARN_BOOL_CONVERSION = YES;
				CLANG_WARN_COMMA = YES;
				CLANG_WARN_CONSTANT_CONVERSION = YES;
				CLANG_WARN_DEPRECATED_OBJC_IMPLEMENTATIONS = YES;
				CLANG_WARN_DIRECT_OBJC_ISA_USAGE = YES_ERROR;
				CLANG_WARN_DOCUMENTATION_COMMENTS = YES;
				CLANG_WARN_EMPTY_BODY = YES;
				CLANG_WARN_ENUM_CONVERSION = YES;
				CLANG_WARN_INFINITE_RECURSION = YES;
				CLANG_WARN_INT_CONVERSION = YES;
				CLANG_WARN_NON_LITERAL_NULL_CONVERSION = YES;
				CLANG_WARN_OBJC_IMPLICIT_RETAIN_SELF = YES;
				CLANG_WARN_OBJC_LITERAL_CONVERSION = YES;
				CLANG_WARN_OBJC_ROOT_CLASS = YES_ERROR;
				CLANG_WARN_RANGE_LOOP_ANALYSIS = YES;
				CLANG_WARN_STRICT_PROTOTYPES = YES;
				CLANG_WARN_SUSPICIOUS_MOVE = YES;
				CLANG_WARN_UNGUARDED_AVAILABILITY = YES_AGGRESSIVE;
				CLANG_WARN_UNREACHABLE_CODE = YES;
				CLANG_WARN__DUPLICATE_METHOD_MATCH = YES;
				CODE_SIGN_IDENTITY = "iPhone Developer";
				COPY_PHASE_STRIP = NO;
				DEBUG_INFORMATION_FORMAT = dwarf;
				ENABLE_STRICT_OBJC_MSGSEND = YES;
				ENABLE_TESTABILITY = YES;
				GCC_C_LANGUAGE_STANDARD = gnu11;
				GCC_DYNAMIC_NO_PIC = NO;
				GCC_NO_COMMON_BLOCKS = YES;
				GCC_OPTIMIZATION_LEVEL = 0;
				GCC_PREPROCESSOR_DEFINITIONS = (
					"DEBUG=1",
					"$(inherited)",
				);
				GCC_WARN_64_TO_32_BIT_CONVERSION = YES;
				GCC_WARN_ABOUT_RETURN_TYPE = YES_ERROR;
				GCC_WARN_UNDECLARED_SELECTOR = YES;
				GCC_WARN_UNINITIALIZED_AUTOS = YES_AGGRESSIVE;
				GCC_WARN_UNUSED_FUNCTION = YES;
				GCC_WARN_UNUSED_VARIABLE = YES;
				IPHONEOS_DEPLOYMENT_TARGET = 12.1;
				MTL_ENABLE_DEBUG_INFO = INCLUDE_SOURCE;
				MTL_FAST_MATH = YES;
				ONLY_ACTIVE_ARCH = YES;
				SDKROOT = iphoneos;
				SWIFT_ACTIVE_COMPILATION_CONDITIONS = DEBUG;
				SWIFT_OPTIMIZATION_LEVEL = "-Onone";
			};
			name = Debug;
		};
		66131A9C219A89F700E68616 /* Release */ = {
			isa = XCBuildConfiguration;
			buildSettings = {
				ALWAYS_SEARCH_USER_PATHS = NO;
				CLANG_ANALYZER_NONNULL = YES;
				CLANG_ANALYZER_NUMBER_OBJECT_CONVERSION = YES_AGGRESSIVE;
				CLANG_CXX_LANGUAGE_STANDARD = "gnu++14";
				CLANG_CXX_LIBRARY = "libc++";
				CLANG_ENABLE_MODULES = YES;
				CLANG_ENABLE_OBJC_ARC = YES;
				CLANG_ENABLE_OBJC_WEAK = YES;
				CLANG_WARN_BLOCK_CAPTURE_AUTORELEASING = YES;
				CLANG_WARN_BOOL_CONVERSION = YES;
				CLANG_WARN_COMMA = YES;
				CLANG_WARN_CONSTANT_CONVERSION = YES;
				CLANG_WARN_DEPRECATED_OBJC_IMPLEMENTATIONS = YES;
				CLANG_WARN_DIRECT_OBJC_ISA_USAGE = YES_ERROR;
				CLANG_WARN_DOCUMENTATION_COMMENTS = YES;
				CLANG_WARN_EMPTY_BODY = YES;
				CLANG_WARN_ENUM_CONVERSION = YES;
				CLANG_WARN_INFINITE_RECURSION = YES;
				CLANG_WARN_INT_CONVERSION = YES;
				CLANG_WARN_NON_LITERAL_NULL_CONVERSION = YES;
				CLANG_WARN_OBJC_IMPLICIT_RETAIN_SELF = YES;
				CLANG_WARN_OBJC_LITERAL_CONVERSION = YES;
				CLANG_WARN_OBJC_ROOT_CLASS = YES_ERROR;
				CLANG_WARN_RANGE_LOOP_ANALYSIS = YES;
				CLANG_WARN_STRICT_PROTOTYPES = YES;
				CLANG_WARN_SUSPICIOUS_MOVE = YES;
				CLANG_WARN_UNGUARDED_AVAILABILITY = YES_AGGRESSIVE;
				CLANG_WARN_UNREACHABLE_CODE = YES;
				CLANG_WARN__DUPLICATE_METHOD_MATCH = YES;
				CODE_SIGN_IDENTITY = "iPhone Developer";
				COPY_PHASE_STRIP = NO;
				DEBUG_INFORMATION_FORMAT = "dwarf-with-dsym";
				ENABLE_NS_ASSERTIONS = NO;
				ENABLE_STRICT_OBJC_MSGSEND = YES;
				GCC_C_LANGUAGE_STANDARD = gnu11;
				GCC_NO_COMMON_BLOCKS = YES;
				GCC_WARN_64_TO_32_BIT_CONVERSION = YES;
				GCC_WARN_ABOUT_RETURN_TYPE = YES_ERROR;
				GCC_WARN_UNDECLARED_SELECTOR = YES;
				GCC_WARN_UNINITIALIZED_AUTOS = YES_AGGRESSIVE;
				GCC_WARN_UNUSED_FUNCTION = YES;
				GCC_WARN_UNUSED_VARIABLE = YES;
				IPHONEOS_DEPLOYMENT_TARGET = 12.1;
				MTL_ENABLE_DEBUG_INFO = NO;
				MTL_FAST_MATH = YES;
				SDKROOT = iphoneos;
				SWIFT_COMPILATION_MODE = wholemodule;
				SWIFT_OPTIMIZATION_LEVEL = "-O";
				VALIDATE_PRODUCT = YES;
			};
			name = Release;
		};
		66131A9E219A89F700E68616 /* Debug */ = {
			isa = XCBuildConfiguration;
			buildSettings = {
				ASSETCATALOG_COMPILER_APPICON_NAME = AppIcon;
				CODE_SIGN_STYLE = Automatic;
				DEVELOPMENT_TEAM = 6JB2SDQGN3;
				INFOPLIST_FILE = CustomUIViewSample/Info.plist;
				IPHONEOS_DEPLOYMENT_TARGET = 12.1;
				LD_RUNPATH_SEARCH_PATHS = (
					"$(inherited)",
					"@executable_path/Frameworks",
				);
				PRODUCT_BUNDLE_IDENTIFIER = TakumiObayashi.CustomUIViewSample;
				PRODUCT_NAME = "$(TARGET_NAME)";
				SWIFT_VERSION = 4.2;
				TARGETED_DEVICE_FAMILY = "1,2";
			};
			name = Debug;
		};
		66131A9F219A89F700E68616 /* Release */ = {
			isa = XCBuildConfiguration;
			buildSettings = {
				ASSETCATALOG_COMPILER_APPICON_NAME = AppIcon;
				CODE_SIGN_STYLE = Automatic;
				DEVELOPMENT_TEAM = 6JB2SDQGN3;
				INFOPLIST_FILE = CustomUIViewSample/Info.plist;
				IPHONEOS_DEPLOYMENT_TARGET = 12.1;
				LD_RUNPATH_SEARCH_PATHS = (
					"$(inherited)",
					"@executable_path/Frameworks",
				);
				PRODUCT_BUNDLE_IDENTIFIER = TakumiObayashi.CustomUIViewSample;
				PRODUCT_NAME = "$(TARGET_NAME)";
				SWIFT_VERSION = 4.2;
				TARGETED_DEVICE_FAMILY = "1,2";
			};
			name = Release;
		};
/* End XCBuildConfiguration section */

/* Begin XCConfigurationList section */
		66131A83219A89F500E68616 /* Build configuration list for PBXProject "CustomUIViewSample" */ = {
			isa = XCConfigurationList;
			buildConfigurations = (
				66131A9B219A89F700E68616 /* Debug */,
				66131A9C219A89F700E68616 /* Release */,
			);
			defaultConfigurationIsVisible = 0;
			defaultConfigurationName = Release;
		};
		66131A9D219A89F700E68616 /* Build configuration list for PBXNativeTarget "CustomUIViewSample" */ = {
			isa = XCConfigurationList;
			buildConfigurations = (
				66131A9E219A89F700E68616 /* Debug */,
				66131A9F219A89F700E68616 /* Release */,
			);
			defaultConfigurationIsVisible = 0;
			defaultConfigurationName = Release;
		};
/* End XCConfigurationList section */

/* Begin XCVersionGroup section */
		66131A92219A89F500E68616 /* CustomUIViewSample.xcdatamodeld */ = {
			isa = XCVersionGroup;
			children = (
				66131A93219A89F500E68616 /* CustomUIViewSample.xcdatamodel */,
			);
			currentVersion = 66131A93219A89F500E68616 /* CustomUIViewSample.xcdatamodel */;
			path = CustomUIViewSample.xcdatamodeld;
			sourceTree = "<group>";
			versionGroupType = wrapper.xcdatamodel;
		};
/* End XCVersionGroup section */
	};
	rootObject = 66131A80219A89F500E68616 /* Project object */;
}
